github.com/davecgh/go-spew v1.1.1 h1:vj9j/u1bqnvCEfJOwUhtlOARqs3+rkHYY13jYWTU97c=
github.com/davecgh/go-spew v1.1.1/go.mod h1:J7Y8YcW2NihsgmVo/mv3lAwl/skON4iLHjSsI+c5H38=
github.com/destel/rill v0.8.1 h1:tJTit7kljOy2i2kqP4zHG1dUA452VpMK/myYRy5SY28=
github.com/destel/rill v0.8.1/go.mod h1:srKuXzvGqINUEGYR5b/iwvW+L9/S35RxVHWGYbXNoO4=
github.com/gloo-foo/cli v0.1.18 h1:pCzllq1Xq42U3a5bEl0vc/o5MaPB0I0RCP1t/2Ncpe8=
github.com/gloo-foo/cli v0.1.18/go.mod h1:kV1z9fmdCluB6nT/lhgVN3Z2rx+Wmd3SATHfakCIujQ=
github.com/gloo-foo/cmd-yes v0.1.15 h1:QWqrz/F8VyELTPZl8xviIVJDW2ludos7IHqla1VywoA=
github.com/gloo-foo/cmd-yes v0.1.15/go.mod h1:jcti/7tH72nMf1Waeh/BrkT61+rUQKsEdEuKixMgY/A=
github.com/gloo-foo/framework v0.1.19 h1:yqH4pr6/zhI7g5unjEUs4/TTcgMNz/21r3sfIWnkyCE=
github.com/gloo-foo/framework v0.1.19/go.mod h1:PV3ZSxFusTD42RZYWlVhgfchx2mmx6mdIknEXkudEhw=
github.com/gomatic/go-error v0.3.10 h1:qvLwADrl+X3yRJ81a9NSMCGXGNWQ1LIvA5XY+l1FsYI=
github.com/gomatic/go-error v0.3.10/go.mod h1:vH7CFid9QE33lC7DQAjEajERg85PtTQzM8+pGTS5rac=
github.com/pmezard/go-difflib v1.0.0 h1:4DBwDE0NGyQoBHbLQYPwSUPoCMWR5BEzIk/f1lZbAQM=
github.com/pmezard/go-difflib v1.0.0/go.mod h1:iKH77koFhYxTK1pcRnkKkqfTogsbg7gZNVY4sRDYZ/4=
github.com/spf13/afero v1.15.0 h1:b/YBCLWAJdFWJTN9cLhiXXcD7mzKn9Dm86dNnfyQw1I=
github.com/spf13/afero v1.15.0/go.mod h1:NC2ByUVxtQs4b3sIUphxK0NioZnmxgyCrfzeuq8lxMg=
github.com/stretchr/testify v1.11.1 h1:7s2iGBzp5EwR7/aIZr8ao5+dra3wiQyKjjFuvgVKu7U=
github.com/stretchr/testify v1.11.1/go.mod h1:wZwfW3scLgRK+23gO65QZefKpKQRnfz6sD981Nm4B6U=
github.com/urfave/cli/v3 v3.10.1 h1:7Kx9H50hrHbRbyxgO1KP6/BcbiGRz0uYh5YyQ30JEEY=
github.com/urfave/cli/v3 v3.10.1/go.mod h1:ysVLtOEmg2tOy6PknnYVhDoouyC/6N42TMeoMzskhso=
golang.org/x/text v0.40.0 h1:Ub2Z6/xjgF1WrYQz2nuITOEegKFtiIy+rieRJ5lHZKs=
golang.org/x/text v0.40.0/go.mod h1:hpnzDAfGV753zIKo+wk3u1bVKCGPbrnF7+7LBF/UHVY=
gopkg.in/yaml.v3 v3.0.1 h1:fxVm/GzAzEWqLHuvctI91KS9hhNmmWOoWu0XTYJS7CA=
gopkg.in/yaml.v3 v3.0.1/go.mod h1:K4uyk7z7BCEPqu6E+C64Yfv1cQ7kz7rIZviUmN+EgEM=
