github.com/davecgh/go-spew v1.1.1 h1:vj9j/u1bqnvCEfJOwUhtlOARqs3+rkHYY13jYWTU97c=
github.com/davecgh/go-spew v1.1.1/go.mod h1:J7Y8YcW2NihsgmVo/mv3lAwl/skON4iLHjSsI+c5H38=
github.com/destel/rill v0.8.1 h1:tJTit7kljOy2i2kqP4zHG1dUA452VpMK/myYRy5SY28=
github.com/destel/rill v0.8.1/go.mod h1:srKuXzvGqINUEGYR5b/iwvW+L9/S35RxVHWGYbXNoO4=
github.com/gloo-foo/cli v0.1.11 h1:cjVf9uUqmpyC6utFrSvmPMCMl9gtZnjsZfNrhyMhQNc=
github.com/gloo-foo/cli v0.1.11/go.mod h1:NRi0rGwFPfxbpNusgEYMZfue6Pxf4/I/58uCdVtdk3k=
github.com/gloo-foo/cmd-yes v0.1.8 h1:F9vSqrMX2y2xXOHjboXnEowMTrpXiIoYbPa34ykvkYY=
github.com/gloo-foo/cmd-yes v0.1.8/go.mod h1:Hds1S0QiMuYf+wgtu1EvyQNJqaAqaNfm0FHPI1dflSo=
github.com/gloo-foo/framework v0.1.9 h1:McswXoyjf4MXg+uGpEv7K4HOOSTPhnIG/shdn/7z3KY=
github.com/gloo-foo/framework v0.1.9/go.mod h1:iQS5NaIl6LMYY5Hw+NgdbCcAX/cCCBtQ7D8/TZEuiKY=
github.com/gomatic/go-error v0.3.4 h1:LtzAxnOgEqTYTIeqwrOwIAYHow4mYMOfVpwcOPjPffY=
github.com/gomatic/go-error v0.3.4/go.mod h1:vH7CFid9QE33lC7DQAjEajERg85PtTQzM8+pGTS5rac=
github.com/pmezard/go-difflib v1.0.0 h1:4DBwDE0NGyQoBHbLQYPwSUPoCMWR5BEzIk/f1lZbAQM=
github.com/pmezard/go-difflib v1.0.0/go.mod h1:iKH77koFhYxTK1pcRnkKkqfTogsbg7gZNVY4sRDYZ/4=
github.com/spf13/afero v1.15.0 h1:b/YBCLWAJdFWJTN9cLhiXXcD7mzKn9Dm86dNnfyQw1I=
github.com/spf13/afero v1.15.0/go.mod h1:NC2ByUVxtQs4b3sIUphxK0NioZnmxgyCrfzeuq8lxMg=
github.com/stretchr/testify v1.11.1 h1:7s2iGBzp5EwR7/aIZr8ao5+dra3wiQyKjjFuvgVKu7U=
github.com/stretchr/testify v1.11.1/go.mod h1:wZwfW3scLgRK+23gO65QZefKpKQRnfz6sD981Nm4B6U=
github.com/urfave/cli/v3 v3.10.1 h1:7Kx9H50hrHbRbyxgO1KP6/BcbiGRz0uYh5YyQ30JEEY=
github.com/urfave/cli/v3 v3.10.1/go.mod h1:ysVLtOEmg2tOy6PknnYVhDoouyC/6N42TMeoMzskhso=
golang.org/x/text v0.40.0 h1:Ub2Z6/xjgF1WrYQz2nuITOEegKFtiIy+rieRJ5lHZKs=
golang.org/x/text v0.40.0/go.mod h1:hpnzDAfGV753zIKo+wk3u1bVKCGPbrnF7+7LBF/UHVY=
gopkg.in/yaml.v3 v3.0.1 h1:fxVm/GzAzEWqLHuvctI91KS9hhNmmWOoWu0XTYJS7CA=
gopkg.in/yaml.v3 v3.0.1/go.mod h1:K4uyk7z7BCEPqu6E+C64Yfv1cQ7kz7rIZviUmN+EgEM=
